Microsoft Visual Studio Solution File, Format Version 12.00
# Visual Studio Version 17
VisualStudioVersion = 17.3.32922.545
MinimumVisualStudioVersion = 10.0.40219.1
Project("{FAE04EC0-301F-11D3-BF4B-00C04F79EFBC}") = "Globe.Graphics.Bidimensional.Common", "Globe.Graphics.Bidimensional.Common.csproj", "{042A5E58-5D2F-4087-8A10-A1406881A18B}"
EndProject
Global
	GlobalSection(SolutionConfigurationPlatforms) = preSolution
		Debug|Any CPU = Debug|Any CPU
		Release|Any CPU = Release|Any CPU
	EndGlobalSection
	GlobalSection(ProjectConfigurationPlatforms) = postSolution
		{042A5E58-5D2F-4087-8A10-A1406881A18B}.Debug|Any CPU.ActiveCfg = Debug|Any CPU
		{042A5E58-5D2F-4087-8A10-A1406881A18B}.Debug|Any CPU.Build.0 = Debug|Any CPU
		{042A5E58-5D2F-4087-8A10-A1406881A18B}.Release|Any CPU.ActiveCfg = Release|Any CPU
		{042A5E58-5D2F-4087-8A10-A1406881A18B}.Release|Any CPU.Build.0 = Release|Any CPU
	EndGlobalSection
	GlobalSection(SolutionProperties) = preSolution
		HideSolutionNode = FALSE
	EndGlobalSection
	GlobalSection(ExtensibilityGlobals) = postSolution
		SolutionGuid = {1AA556C4-3714-444F-AAA9-CBA3D505259B}
	EndGlobalSection
EndGlobal
