
Microsoft Visual Studio Solution File, Format Version 10.00
# Visual Studio 2008
Project("{FAE04EC0-301F-11D3-BF4B-00C04F79EFBC}") = "Globe.Graphics.Bidimensional.Base", "Globe.Graphics.Bidimensional.Base.csproj", "{16A1530E-4082-43BA-96A2-7E7A1347933D}"
EndProject
Global
	GlobalSection(SolutionConfigurationPlatforms) = preSolution
		Debug|Any CPU = Debug|Any CPU
		Release|Any CPU = Release|Any CPU
	EndGlobalSection
	GlobalSection(ProjectConfigurationPlatforms) = postSolution
		{16A1530E-4082-43BA-96A2-7E7A1347933D}.Debug|Any CPU.ActiveCfg = Debug|Any CPU
		{16A1530E-4082-43BA-96A2-7E7A1347933D}.Debug|Any CPU.Build.0 = Debug|Any CPU
		{16A1530E-4082-43BA-96A2-7E7A1347933D}.Release|Any CPU.ActiveCfg = Release|Any CPU
		{16A1530E-4082-43BA-96A2-7E7A1347933D}.Release|Any CPU.Build.0 = Release|Any CPU
	EndGlobalSection
	GlobalSection(SolutionProperties) = preSolution
		HideSolutionNode = FALSE
	EndGlobalSection
EndGlobal
