
Microsoft Visual Studio Solution File, Format Version 10.00
# Visual Studio 2008
Project("{FAE04EC0-301F-11D3-BF4B-00C04F79EFBC}") = "Globe.Core.Converters", "Globe.Core.Converters.csproj", "{2185C1C5-53AB-4E36-91AD-D0446D847C78}"
EndProject
Global
	GlobalSection(SolutionConfigurationPlatforms) = preSolution
		Debug|Any CPU = Debug|Any CPU
		Release|Any CPU = Release|Any CPU
	EndGlobalSection
	GlobalSection(ProjectConfigurationPlatforms) = postSolution
		{2185C1C5-53AB-4E36-91AD-D0446D847C78}.Debug|Any CPU.ActiveCfg = Debug|Any CPU
		{2185C1C5-53AB-4E36-91AD-D0446D847C78}.Debug|Any CPU.Build.0 = Debug|Any CPU
		{2185C1C5-53AB-4E36-91AD-D0446D847C78}.Release|Any CPU.ActiveCfg = Release|Any CPU
		{2185C1C5-53AB-4E36-91AD-D0446D847C78}.Release|Any CPU.Build.0 = Release|Any CPU
	EndGlobalSection
	GlobalSection(SolutionProperties) = preSolution
		HideSolutionNode = FALSE
	EndGlobalSection
EndGlobal
